
Microsoft Visual Studio Solution File, Format Version 12.00
# Visual Studio 14
VisualStudioVersion = 14.0.25420.1
MinimumVisualStudioVersion = 10.0.40219.1
Project("{FAE04EC0-301F-11D3-BF4B-00C04F79EFBC}") = "Supermercado.E.Shop.Login", "Supermercado.E.Shop.Login\Supermercado.E.Shop.Login.csproj", "{E12D5581-E9E4-4626-AD12-71BE1FA0D037}"
EndProject
Project("{00D1A9C2-B5F0-4AF3-8072-F6C62B433612}") = "Supermercado.E.Shop.DataBase", "Supermercado.E.Shop.DataBase\Supermercado.E.Shop.DataBase.sqlproj", "{811E4B69-3800-416F-B909-2D3783613C75}"
EndProject
Project("{FAE04EC0-301F-11D3-BF4B-00C04F79EFBC}") = "Supermercado.E.Shop.Context", "Supermercado.E.Shop.Context\Supermercado.E.Shop.Context.csproj", "{E146D222-65DB-41F0-9FE7-34AE1C60C388}"
EndProject
Project("{FAE04EC0-301F-11D3-BF4B-00C04F79EFBC}") = "Supermercado.E.Shop.Security", "Supermercado.E.Shop.Security\Supermercado.E.Shop.Security.csproj", "{6A84AEBF-3413-4E0F-B854-2AC09BDE7529}"
EndProject
Global
	GlobalSection(SolutionConfigurationPlatforms) = preSolution
		Debug|Any CPU = Debug|Any CPU
		Release|Any CPU = Release|Any CPU
	EndGlobalSection
	GlobalSection(ProjectConfigurationPlatforms) = postSolution
		{E12D5581-E9E4-4626-AD12-71BE1FA0D037}.Debug|Any CPU.ActiveCfg = Debug|Any CPU
		{E12D5581-E9E4-4626-AD12-71BE1FA0D037}.Debug|Any CPU.Build.0 = Debug|Any CPU
		{E12D5581-E9E4-4626-AD12-71BE1FA0D037}.Release|Any CPU.ActiveCfg = Release|Any CPU
		{E12D5581-E9E4-4626-AD12-71BE1FA0D037}.Release|Any CPU.Build.0 = Release|Any CPU
		{811E4B69-3800-416F-B909-2D3783613C75}.Debug|Any CPU.ActiveCfg = Debug|Any CPU
		{811E4B69-3800-416F-B909-2D3783613C75}.Debug|Any CPU.Build.0 = Debug|Any CPU
		{811E4B69-3800-416F-B909-2D3783613C75}.Debug|Any CPU.Deploy.0 = Debug|Any CPU
		{811E4B69-3800-416F-B909-2D3783613C75}.Release|Any CPU.ActiveCfg = Release|Any CPU
		{811E4B69-3800-416F-B909-2D3783613C75}.Release|Any CPU.Build.0 = Release|Any CPU
		{811E4B69-3800-416F-B909-2D3783613C75}.Release|Any CPU.Deploy.0 = Release|Any CPU
		{E146D222-65DB-41F0-9FE7-34AE1C60C388}.Debug|Any CPU.ActiveCfg = Debug|Any CPU
		{E146D222-65DB-41F0-9FE7-34AE1C60C388}.Debug|Any CPU.Build.0 = Debug|Any CPU
		{E146D222-65DB-41F0-9FE7-34AE1C60C388}.Release|Any CPU.ActiveCfg = Release|Any CPU
		{E146D222-65DB-41F0-9FE7-34AE1C60C388}.Release|Any CPU.Build.0 = Release|Any CPU
		{6A84AEBF-3413-4E0F-B854-2AC09BDE7529}.Debug|Any CPU.ActiveCfg = Debug|Any CPU
		{6A84AEBF-3413-4E0F-B854-2AC09BDE7529}.Debug|Any CPU.Build.0 = Debug|Any CPU
		{6A84AEBF-3413-4E0F-B854-2AC09BDE7529}.Release|Any CPU.ActiveCfg = Release|Any CPU
		{6A84AEBF-3413-4E0F-B854-2AC09BDE7529}.Release|Any CPU.Build.0 = Release|Any CPU
	EndGlobalSection
	GlobalSection(SolutionProperties) = preSolution
		HideSolutionNode = FALSE
	EndGlobalSection
EndGlobal
