
Microsoft Visual Studio Solution File, Format Version 12.00
# Visual Studio 14
VisualStudioVersion = 14.0.25420.1
MinimumVisualStudioVersion = 10.0.40219.1
Project("{00D1A9C2-B5F0-4AF3-8072-F6C62B433612}") = "Supermercado.E.Shop.DataBase", "Supermercado.E.Shop.DataBase\Supermercado.E.Shop.DataBase.sqlproj", "{811E4B69-3800-416F-B909-2D3783613C75}"
EndProject
Project("{FAE04EC0-301F-11D3-BF4B-00C04F79EFBC}") = "Supermercado.E.Shop.Context", "Supermercado.E.Shop.Context\Supermercado.E.Shop.Context.csproj", "{E146D222-65DB-41F0-9FE7-34AE1C60C388}"
EndProject
Project("{FAE04EC0-301F-11D3-BF4B-00C04F79EFBC}") = "Supermercado.E.Shop.Security", "Supermercado.E.Shop.Security\Supermercado.E.Shop.Security.csproj", "{6A84AEBF-3413-4E0F-B854-2AC09BDE7529}"
EndProject
Project("{FAE04EC0-301F-11D3-BF4B-00C04F79EFBC}") = "Supermercado.E.Shop.App", "Supermercado.E.Shop.App\Supermercado.E.Shop.App.csproj", "{FB2329DE-3571-4997-8810-C317E13C1AE2}"
EndProject
Project("{FAE04EC0-301F-11D3-BF4B-00C04F79EFBC}") = "Supermercado.E.Shop.Repository", "Supermercado.E.Shop.Repository\Supermercado.E.Shop.Repository.csproj", "{598B7635-31B0-4414-944A-A415EA3EE364}"
EndProject
Project("{FAE04EC0-301F-11D3-BF4B-00C04F79EFBC}") = "Supermercado.E.Shop.Entities", "Supermercado.E.Shop.Entities\Supermercado.E.Shop.Entities.csproj", "{89CB5B4A-3083-4B65-A3AB-7643CADDEA55}"
EndProject
Global
	GlobalSection(SolutionConfigurationPlatforms) = preSolution
		Debug|Any CPU = Debug|Any CPU
		Release|Any CPU = Release|Any CPU
	EndGlobalSection
	GlobalSection(ProjectConfigurationPlatforms) = postSolution
		{811E4B69-3800-416F-B909-2D3783613C75}.Debug|Any CPU.ActiveCfg = Debug|Any CPU
		{811E4B69-3800-416F-B909-2D3783613C75}.Debug|Any CPU.Build.0 = Debug|Any CPU
		{811E4B69-3800-416F-B909-2D3783613C75}.Debug|Any CPU.Deploy.0 = Debug|Any CPU
		{811E4B69-3800-416F-B909-2D3783613C75}.Release|Any CPU.ActiveCfg = Release|Any CPU
		{811E4B69-3800-416F-B909-2D3783613C75}.Release|Any CPU.Build.0 = Release|Any CPU
		{811E4B69-3800-416F-B909-2D3783613C75}.Release|Any CPU.Deploy.0 = Release|Any CPU
		{E146D222-65DB-41F0-9FE7-34AE1C60C388}.Debug|Any CPU.ActiveCfg = Debug|Any CPU
		{E146D222-65DB-41F0-9FE7-34AE1C60C388}.Debug|Any CPU.Build.0 = Debug|Any CPU
		{E146D222-65DB-41F0-9FE7-34AE1C60C388}.Release|Any CPU.ActiveCfg = Release|Any CPU
		{E146D222-65DB-41F0-9FE7-34AE1C60C388}.Release|Any CPU.Build.0 = Release|Any CPU
		{6A84AEBF-3413-4E0F-B854-2AC09BDE7529}.Debug|Any CPU.ActiveCfg = Debug|Any CPU
		{6A84AEBF-3413-4E0F-B854-2AC09BDE7529}.Debug|Any CPU.Build.0 = Debug|Any CPU
		{6A84AEBF-3413-4E0F-B854-2AC09BDE7529}.Release|Any CPU.ActiveCfg = Release|Any CPU
		{6A84AEBF-3413-4E0F-B854-2AC09BDE7529}.Release|Any CPU.Build.0 = Release|Any CPU
		{FB2329DE-3571-4997-8810-C317E13C1AE2}.Debug|Any CPU.ActiveCfg = Debug|Any CPU
		{FB2329DE-3571-4997-8810-C317E13C1AE2}.Debug|Any CPU.Build.0 = Debug|Any CPU
		{FB2329DE-3571-4997-8810-C317E13C1AE2}.Release|Any CPU.ActiveCfg = Release|Any CPU
		{FB2329DE-3571-4997-8810-C317E13C1AE2}.Release|Any CPU.Build.0 = Release|Any CPU
		{598B7635-31B0-4414-944A-A415EA3EE364}.Debug|Any CPU.ActiveCfg = Debug|Any CPU
		{598B7635-31B0-4414-944A-A415EA3EE364}.Debug|Any CPU.Build.0 = Debug|Any CPU
		{598B7635-31B0-4414-944A-A415EA3EE364}.Release|Any CPU.ActiveCfg = Release|Any CPU
		{598B7635-31B0-4414-944A-A415EA3EE364}.Release|Any CPU.Build.0 = Release|Any CPU
		{89CB5B4A-3083-4B65-A3AB-7643CADDEA55}.Debug|Any CPU.ActiveCfg = Debug|Any CPU
		{89CB5B4A-3083-4B65-A3AB-7643CADDEA55}.Debug|Any CPU.Build.0 = Debug|Any CPU
		{89CB5B4A-3083-4B65-A3AB-7643CADDEA55}.Release|Any CPU.ActiveCfg = Release|Any CPU
		{89CB5B4A-3083-4B65-A3AB-7643CADDEA55}.Release|Any CPU.Build.0 = Release|Any CPU
	EndGlobalSection
	GlobalSection(SolutionProperties) = preSolution
		HideSolutionNode = FALSE
	EndGlobalSection
EndGlobal
